
Microsoft Visual Studio Solution File, Format Version 12.00
# Visual Studio Version 16
VisualStudioVersion = 16.0.31129.286
MinimumVisualStudioVersion = 10.0.40219.1
Project("{9A19103F-16F7-4668-BE54-9A1E7A4F7556}") = "GeometryLab3", "GeometryLab3.csproj", "{6A5D55A5-A631-47CF-B6EC-1DB754D40BAA}"
EndProject
Project("{FAE04EC0-301F-11D3-BF4B-00C04F79EFBC}") = "Lab3UnitTest", "..\Lab3UnitTest\Lab3UnitTest.csproj", "{8FADD2CD-5CD5-4AB0-BE57-2ACB4008CE31}"
EndProject
Global
	GlobalSection(SolutionConfigurationPlatforms) = preSolution
		Debug|Any CPU = Debug|Any CPU
		Release|Any CPU = Release|Any CPU
	EndGlobalSection
	GlobalSection(ProjectConfigurationPlatforms) = postSolution
		{6A5D55A5-A631-47CF-B6EC-1DB754D40BAA}.Debug|Any CPU.ActiveCfg = Debug|Any CPU
		{6A5D55A5-A631-47CF-B6EC-1DB754D40BAA}.Debug|Any CPU.Build.0 = Debug|Any CPU
		{6A5D55A5-A631-47CF-B6EC-1DB754D40BAA}.Release|Any CPU.ActiveCfg = Release|Any CPU
		{6A5D55A5-A631-47CF-B6EC-1DB754D40BAA}.Release|Any CPU.Build.0 = Release|Any CPU
		{8FADD2CD-5CD5-4AB0-BE57-2ACB4008CE31}.Debug|Any CPU.ActiveCfg = Debug|Any CPU
		{8FADD2CD-5CD5-4AB0-BE57-2ACB4008CE31}.Debug|Any CPU.Build.0 = Debug|Any CPU
		{8FADD2CD-5CD5-4AB0-BE57-2ACB4008CE31}.Release|Any CPU.ActiveCfg = Release|Any CPU
		{8FADD2CD-5CD5-4AB0-BE57-2ACB4008CE31}.Release|Any CPU.Build.0 = Release|Any CPU
	EndGlobalSection
	GlobalSection(SolutionProperties) = preSolution
		HideSolutionNode = FALSE
	EndGlobalSection
	GlobalSection(ExtensibilityGlobals) = postSolution
		SolutionGuid = {F162B104-9268-4C50-BA77-A445B5B7EF3B}
	EndGlobalSection
EndGlobal
